
Microsoft Visual Studio Solution File, Format Version 12.00
# Visual Studio Version 17
VisualStudioVersion = 17.2.32630.192
MinimumVisualStudioVersion = 10.0.40219.1
Project("{FAE04EC0-301F-11D3-BF4B-00C04F79EFBC}") = "Reflection_MoodAnalyser", "Reflection_MoodAnalyser\Reflection_MoodAnalyser.csproj", "{565A0C3B-85FD-4241-8504-31D664F93477}"
EndProject
Project("{FAE04EC0-301F-11D3-BF4B-00C04F79EFBC}") = "TestProject1", "TestProject1\TestProject1.csproj", "{9C04F54A-D56C-4192-8E32-137778985A6B}"
EndProject
Global
	GlobalSection(SolutionConfigurationPlatforms) = preSolution
		Debug|Any CPU = Debug|Any CPU
		Release|Any CPU = Release|Any CPU
	EndGlobalSection
	GlobalSection(ProjectConfigurationPlatforms) = postSolution
		{565A0C3B-85FD-4241-8504-31D664F93477}.Debug|Any CPU.ActiveCfg = Debug|Any CPU
		{565A0C3B-85FD-4241-8504-31D664F93477}.Debug|Any CPU.Build.0 = Debug|Any CPU
		{565A0C3B-85FD-4241-8504-31D664F93477}.Release|Any CPU.ActiveCfg = Release|Any CPU
		{565A0C3B-85FD-4241-8504-31D664F93477}.Release|Any CPU.Build.0 = Release|Any CPU
		{9C04F54A-D56C-4192-8E32-137778985A6B}.Debug|Any CPU.ActiveCfg = Debug|Any CPU
		{9C04F54A-D56C-4192-8E32-137778985A6B}.Debug|Any CPU.Build.0 = Debug|Any CPU
		{9C04F54A-D56C-4192-8E32-137778985A6B}.Release|Any CPU.ActiveCfg = Release|Any CPU
		{9C04F54A-D56C-4192-8E32-137778985A6B}.Release|Any CPU.Build.0 = Release|Any CPU
	EndGlobalSection
	GlobalSection(SolutionProperties) = preSolution
		HideSolutionNode = FALSE
	EndGlobalSection
	GlobalSection(ExtensibilityGlobals) = postSolution
		SolutionGuid = {6427DD79-4087-4EDC-83D5-4F923BD2972E}
	EndGlobalSection
EndGlobal
